
Microsoft Visual Studio Solution File, Format Version 12.00
# Visual Studio Version 17
VisualStudioVersion = 17.10.35122.118
MinimumVisualStudioVersion = 10.0.40219.1
Project("{9A19103F-16F7-4668-BE54-9A1E7A4F7556}") = "CustomMessenger", "CustomMessenger\CustomMessenger.csproj", "{2A23DFBF-9115-4CA9-95E2-21F645319A9B}"
EndProject
Project("{9A19103F-16F7-4668-BE54-9A1E7A4F7556}") = "CustomMessenger.Domain", "CustomMessenger.Domain\CustomMessenger.Domain.csproj", "{A36D333D-A2B0-4E91-93CC-735C4045A49F}"
EndProject
Project("{9A19103F-16F7-4668-BE54-9A1E7A4F7556}") = "CustomMessenger.Data", "CustomMessenger.Data\CustomMessenger.Data.csproj", "{B122E527-8E3F-4D3E-B505-302A05DF0A5E}"
EndProject
Project("{9A19103F-16F7-4668-BE54-9A1E7A4F7556}") = "CustomMessenger.Service", "CustomMessenger.Service\CustomMessenger.Service.csproj", "{25C1FC9A-96E7-4A46-8DA9-87BEB4F18527}"
EndProject
Global
	GlobalSection(SolutionConfigurationPlatforms) = preSolution
		Debug|Any CPU = Debug|Any CPU
		Release|Any CPU = Release|Any CPU
	EndGlobalSection
	GlobalSection(ProjectConfigurationPlatforms) = postSolution
		{2A23DFBF-9115-4CA9-95E2-21F645319A9B}.Debug|Any CPU.ActiveCfg = Debug|Any CPU
		{2A23DFBF-9115-4CA9-95E2-21F645319A9B}.Debug|Any CPU.Build.0 = Debug|Any CPU
		{2A23DFBF-9115-4CA9-95E2-21F645319A9B}.Release|Any CPU.ActiveCfg = Release|Any CPU
		{2A23DFBF-9115-4CA9-95E2-21F645319A9B}.Release|Any CPU.Build.0 = Release|Any CPU
		{A36D333D-A2B0-4E91-93CC-735C4045A49F}.Debug|Any CPU.ActiveCfg = Debug|Any CPU
		{A36D333D-A2B0-4E91-93CC-735C4045A49F}.Debug|Any CPU.Build.0 = Debug|Any CPU
		{A36D333D-A2B0-4E91-93CC-735C4045A49F}.Release|Any CPU.ActiveCfg = Release|Any CPU
		{A36D333D-A2B0-4E91-93CC-735C4045A49F}.Release|Any CPU.Build.0 = Release|Any CPU
		{B122E527-8E3F-4D3E-B505-302A05DF0A5E}.Debug|Any CPU.ActiveCfg = Debug|Any CPU
		{B122E527-8E3F-4D3E-B505-302A05DF0A5E}.Debug|Any CPU.Build.0 = Debug|Any CPU
		{B122E527-8E3F-4D3E-B505-302A05DF0A5E}.Release|Any CPU.ActiveCfg = Release|Any CPU
		{B122E527-8E3F-4D3E-B505-302A05DF0A5E}.Release|Any CPU.Build.0 = Release|Any CPU
		{25C1FC9A-96E7-4A46-8DA9-87BEB4F18527}.Debug|Any CPU.ActiveCfg = Debug|Any CPU
		{25C1FC9A-96E7-4A46-8DA9-87BEB4F18527}.Debug|Any CPU.Build.0 = Debug|Any CPU
		{25C1FC9A-96E7-4A46-8DA9-87BEB4F18527}.Release|Any CPU.ActiveCfg = Release|Any CPU
		{25C1FC9A-96E7-4A46-8DA9-87BEB4F18527}.Release|Any CPU.Build.0 = Release|Any CPU
	EndGlobalSection
	GlobalSection(SolutionProperties) = preSolution
		HideSolutionNode = FALSE
	EndGlobalSection
	GlobalSection(ExtensibilityGlobals) = postSolution
		SolutionGuid = {2E80CD5D-DCB8-4858-9B7D-50E993FF86FB}
	EndGlobalSection
EndGlobal
